
Microsoft Visual Studio Solution File, Format Version 12.00
# Visual Studio Version 16
VisualStudioVersion = 16.0.30406.217
MinimumVisualStudioVersion = 10.0.40219.1
Project("{FAE04EC0-301F-11D3-BF4B-00C04F79EFBC}") = "ArgosyPack", "ArgosyPack.csproj", "{27C8E701-8531-40D4-8B0B-C5560D6E7255}"
EndProject
Global
	GlobalSection(SolutionConfigurationPlatforms) = preSolution
		Debug|Any CPU = Debug|Any CPU
		Release|Any CPU = Release|Any CPU
	EndGlobalSection
	GlobalSection(ProjectConfigurationPlatforms) = postSolution
		{27C8E701-8531-40D4-8B0B-C5560D6E7255}.Debug|Any CPU.ActiveCfg = Debug|Any CPU
		{27C8E701-8531-40D4-8B0B-C5560D6E7255}.Debug|Any CPU.Build.0 = Debug|Any CPU
		{27C8E701-8531-40D4-8B0B-C5560D6E7255}.Release|Any CPU.ActiveCfg = Release|Any CPU
		{27C8E701-8531-40D4-8B0B-C5560D6E7255}.Release|Any CPU.Build.0 = Release|Any CPU
	EndGlobalSection
	GlobalSection(SolutionProperties) = preSolution
		HideSolutionNode = FALSE
	EndGlobalSection
	GlobalSection(ExtensibilityGlobals) = postSolution
		SolutionGuid = {A8A3C24C-989E-4F9D-B43B-C9AF14BDDE89}
	EndGlobalSection
EndGlobal
